
Microsoft Visual Studio Solution File, Format Version 12.00
# Visual Studio 14
VisualStudioVersion = 14.0.24720.0
MinimumVisualStudioVersion = 10.0.40219.1
Project("{8BC9CEB8-8B4A-11D0-8D11-00A0C91BC942}") = "1.4播放一个视频", "读取一个视频\读取一个视频.vcxproj", "{17497340-16D3-4F1C-AE68-49B68FE429E6}"
EndProject
Project("{8BC9CEB8-8B4A-11D0-8D11-00A0C91BC942}") = "1.5给视频加个滚动条", "给视频加个滚动条\给视频加个滚动条.vcxproj", "{2192FF32-5A06-419B-83B0-1B502CA8ADE6}"
EndProject
Project("{8BC9CEB8-8B4A-11D0-8D11-00A0C91BC942}") = "1.2缩放图像", "缩放图像\缩放图像.vcxproj", "{C0773E98-3CCF-4E05-8775-6271A3F3D3A8}"
EndProject
Project("{8BC9CEB8-8B4A-11D0-8D11-00A0C91BC942}") = "1.1读取一个图片", "读取一个图片\读取一个图片.vcxproj", "{B7FE29D2-9DE9-4D53-8817-DAFC4068F51D}"
EndProject
Project("{8BC9CEB8-8B4A-11D0-8D11-00A0C91BC942}") = "1.3感兴趣区域ROI", "感兴趣区域ROI\感兴趣区域ROI.vcxproj", "{67116BA9-6E55-4FF8-95F8-BA43C288E0DC}"
EndProject
Project("{8BC9CEB8-8B4A-11D0-8D11-00A0C91BC942}") = "1.8序列化存储图像", "序列化存储图像\序列化存储图像.vcxproj", "{024BB7FD-8B9A-4191-9B4D-3BE30FB071FF}"
EndProject
Project("{8BC9CEB8-8B4A-11D0-8D11-00A0C91BC942}") = "1.7鼠标事件画个框", "鼠标事件画个框\鼠标事件画个框.vcxproj", "{FE8F20FC-9D00-4971-9B3E-6449E6E98CB9}"
EndProject
Project("{8BC9CEB8-8B4A-11D0-8D11-00A0C91BC942}") = "1.6滑动条做按钮用", "滑动条做按钮用\滑动条做按钮用.vcxproj", "{C6242974-3776-4E17-9A16-4409CACD7533}"
EndProject
Project("{8BC9CEB8-8B4A-11D0-8D11-00A0C91BC942}") = "2.1滤波和形态学处理", "形态学处理\形态学处理.vcxproj", "{34C3FAD4-83A8-4407-A9B3-9A7D555C1B96}"
EndProject
Project("{8BC9CEB8-8B4A-11D0-8D11-00A0C91BC942}") = "2.2漫水填充", "浸水填充和图像金字塔\浸水填充和图像金字塔.vcxproj", "{B930EDA4-7BAC-4658-AADC-6B830E778929}"
EndProject
Project("{8BC9CEB8-8B4A-11D0-8D11-00A0C91BC942}") = "2.3图像金字塔", "图像金字塔\图像金字塔.vcxproj", "{B2764173-74BD-4835-B458-82A6D7A263FB}"
EndProject
Project("{8BC9CEB8-8B4A-11D0-8D11-00A0C91BC942}") = "2.4阈值化", "阈值化\阈值化.vcxproj", "{461C5BE0-ECB6-45B5-9877-98CF6284F9EB}"
EndProject
Project("{8BC9CEB8-8B4A-11D0-8D11-00A0C91BC942}") = "3.1图像变换", "3.1图像变换\3.1图像变换.vcxproj", "{6B8F0CC3-EE0F-4BED-BA60-8D99819BE4FE}"
EndProject
Project("{8BC9CEB8-8B4A-11D0-8D11-00A0C91BC942}") = "3.2图像的坐标和距离变换", "3.2图像的坐标变换\3.2图像的坐标变换.vcxproj", "{FDAE7AB8-0D2D-46A8-B406-63109A35D460}"
EndProject
Project("{8BC9CEB8-8B4A-11D0-8D11-00A0C91BC942}") = "3.3直方图均衡化", "3.3直方图均衡化\3.3直方图均衡化.vcxproj", "{FF78FB28-F572-4978-A894-28657AB125F4}"
EndProject
Project("{8BC9CEB8-8B4A-11D0-8D11-00A0C91BC942}") = "4.1sift等特征匹配系列", "4.1sift等特征匹配系列\4.1sift等特征匹配系列.vcxproj", "{7A4D3BF0-3963-4203-824F-7477E0094935}"
EndProject
Global
	GlobalSection(SolutionConfigurationPlatforms) = preSolution
		Debug|x64 = Debug|x64
		Debug|x86 = Debug|x86
		Release|x64 = Release|x64
		Release|x86 = Release|x86
	EndGlobalSection
	GlobalSection(ProjectConfigurationPlatforms) = postSolution
		{17497340-16D3-4F1C-AE68-49B68FE429E6}.Debug|x64.ActiveCfg = Debug|x64
		{17497340-16D3-4F1C-AE68-49B68FE429E6}.Debug|x64.Build.0 = Debug|x64
		{17497340-16D3-4F1C-AE68-49B68FE429E6}.Debug|x86.ActiveCfg = Debug|Win32
		{17497340-16D3-4F1C-AE68-49B68FE429E6}.Debug|x86.Build.0 = Debug|Win32
		{17497340-16D3-4F1C-AE68-49B68FE429E6}.Release|x64.ActiveCfg = Release|x64
		{17497340-16D3-4F1C-AE68-49B68FE429E6}.Release|x64.Build.0 = Release|x64
		{17497340-16D3-4F1C-AE68-49B68FE429E6}.Release|x86.ActiveCfg = Release|Win32
		{17497340-16D3-4F1C-AE68-49B68FE429E6}.Release|x86.Build.0 = Release|Win32
		{2192FF32-5A06-419B-83B0-1B502CA8ADE6}.Debug|x64.ActiveCfg = Debug|x64
		{2192FF32-5A06-419B-83B0-1B502CA8ADE6}.Debug|x64.Build.0 = Debug|x64
		{2192FF32-5A06-419B-83B0-1B502CA8ADE6}.Debug|x86.ActiveCfg = Debug|Win32
		{2192FF32-5A06-419B-83B0-1B502CA8ADE6}.Debug|x86.Build.0 = Debug|Win32
		{2192FF32-5A06-419B-83B0-1B502CA8ADE6}.Release|x64.ActiveCfg = Release|x64
		{2192FF32-5A06-419B-83B0-1B502CA8ADE6}.Release|x64.Build.0 = Release|x64
		{2192FF32-5A06-419B-83B0-1B502CA8ADE6}.Release|x86.ActiveCfg = Release|Win32
		{2192FF32-5A06-419B-83B0-1B502CA8ADE6}.Release|x86.Build.0 = Release|Win32
		{C0773E98-3CCF-4E05-8775-6271A3F3D3A8}.Debug|x64.ActiveCfg = Debug|x64
		{C0773E98-3CCF-4E05-8775-6271A3F3D3A8}.Debug|x64.Build.0 = Debug|x64
		{C0773E98-3CCF-4E05-8775-6271A3F3D3A8}.Debug|x86.ActiveCfg = Debug|Win32
		{C0773E98-3CCF-4E05-8775-6271A3F3D3A8}.Debug|x86.Build.0 = Debug|Win32
		{C0773E98-3CCF-4E05-8775-6271A3F3D3A8}.Release|x64.ActiveCfg = Release|x64
		{C0773E98-3CCF-4E05-8775-6271A3F3D3A8}.Release|x64.Build.0 = Release|x64
		{C0773E98-3CCF-4E05-8775-6271A3F3D3A8}.Release|x86.ActiveCfg = Release|Win32
		{C0773E98-3CCF-4E05-8775-6271A3F3D3A8}.Release|x86.Build.0 = Release|Win32
		{B7FE29D2-9DE9-4D53-8817-DAFC4068F51D}.Debug|x64.ActiveCfg = Debug|x64
		{B7FE29D2-9DE9-4D53-8817-DAFC4068F51D}.Debug|x64.Build.0 = Debug|x64
		{B7FE29D2-9DE9-4D53-8817-DAFC4068F51D}.Debug|x86.ActiveCfg = Debug|Win32
		{B7FE29D2-9DE9-4D53-8817-DAFC4068F51D}.Debug|x86.Build.0 = Debug|Win32
		{B7FE29D2-9DE9-4D53-8817-DAFC4068F51D}.Release|x64.ActiveCfg = Release|x64
		{B7FE29D2-9DE9-4D53-8817-DAFC4068F51D}.Release|x64.Build.0 = Release|x64
		{B7FE29D2-9DE9-4D53-8817-DAFC4068F51D}.Release|x86.ActiveCfg = Release|Win32
		{B7FE29D2-9DE9-4D53-8817-DAFC4068F51D}.Release|x86.Build.0 = Release|Win32
		{67116BA9-6E55-4FF8-95F8-BA43C288E0DC}.Debug|x64.ActiveCfg = Debug|x64
		{67116BA9-6E55-4FF8-95F8-BA43C288E0DC}.Debug|x64.Build.0 = Debug|x64
		{67116BA9-6E55-4FF8-95F8-BA43C288E0DC}.Debug|x86.ActiveCfg = Debug|Win32
		{67116BA9-6E55-4FF8-95F8-BA43C288E0DC}.Debug|x86.Build.0 = Debug|Win32
		{67116BA9-6E55-4FF8-95F8-BA43C288E0DC}.Release|x64.ActiveCfg = Release|x64
		{67116BA9-6E55-4FF8-95F8-BA43C288E0DC}.Release|x64.Build.0 = Release|x64
		{67116BA9-6E55-4FF8-95F8-BA43C288E0DC}.Release|x86.ActiveCfg = Release|Win32
		{67116BA9-6E55-4FF8-95F8-BA43C288E0DC}.Release|x86.Build.0 = Release|Win32
		{024BB7FD-8B9A-4191-9B4D-3BE30FB071FF}.Debug|x64.ActiveCfg = Debug|x64
		{024BB7FD-8B9A-4191-9B4D-3BE30FB071FF}.Debug|x64.Build.0 = Debug|x64
		{024BB7FD-8B9A-4191-9B4D-3BE30FB071FF}.Debug|x86.ActiveCfg = Debug|Win32
		{024BB7FD-8B9A-4191-9B4D-3BE30FB071FF}.Debug|x86.Build.0 = Debug|Win32
		{024BB7FD-8B9A-4191-9B4D-3BE30FB071FF}.Release|x64.ActiveCfg = Release|x64
		{024BB7FD-8B9A-4191-9B4D-3BE30FB071FF}.Release|x64.Build.0 = Release|x64
		{024BB7FD-8B9A-4191-9B4D-3BE30FB071FF}.Release|x86.ActiveCfg = Release|Win32
		{024BB7FD-8B9A-4191-9B4D-3BE30FB071FF}.Release|x86.Build.0 = Release|Win32
		{FE8F20FC-9D00-4971-9B3E-6449E6E98CB9}.Debug|x64.ActiveCfg = Debug|x64
		{FE8F20FC-9D00-4971-9B3E-6449E6E98CB9}.Debug|x64.Build.0 = Debug|x64
		{FE8F20FC-9D00-4971-9B3E-6449E6E98CB9}.Debug|x86.ActiveCfg = Debug|Win32
		{FE8F20FC-9D00-4971-9B3E-6449E6E98CB9}.Debug|x86.Build.0 = Debug|Win32
		{FE8F20FC-9D00-4971-9B3E-6449E6E98CB9}.Release|x64.ActiveCfg = Release|x64
		{FE8F20FC-9D00-4971-9B3E-6449E6E98CB9}.Release|x64.Build.0 = Release|x64
		{FE8F20FC-9D00-4971-9B3E-6449E6E98CB9}.Release|x86.ActiveCfg = Release|Win32
		{FE8F20FC-9D00-4971-9B3E-6449E6E98CB9}.Release|x86.Build.0 = Release|Win32
		{C6242974-3776-4E17-9A16-4409CACD7533}.Debug|x64.ActiveCfg = Debug|x64
		{C6242974-3776-4E17-9A16-4409CACD7533}.Debug|x64.Build.0 = Debug|x64
		{C6242974-3776-4E17-9A16-4409CACD7533}.Debug|x86.ActiveCfg = Debug|Win32
		{C6242974-3776-4E17-9A16-4409CACD7533}.Debug|x86.Build.0 = Debug|Win32
		{C6242974-3776-4E17-9A16-4409CACD7533}.Release|x64.ActiveCfg = Release|x64
		{C6242974-3776-4E17-9A16-4409CACD7533}.Release|x64.Build.0 = Release|x64
		{C6242974-3776-4E17-9A16-4409CACD7533}.Release|x86.ActiveCfg = Release|Win32
		{C6242974-3776-4E17-9A16-4409CACD7533}.Release|x86.Build.0 = Release|Win32
		{34C3FAD4-83A8-4407-A9B3-9A7D555C1B96}.Debug|x64.ActiveCfg = Debug|x64
		{34C3FAD4-83A8-4407-A9B3-9A7D555C1B96}.Debug|x64.Build.0 = Debug|x64
		{34C3FAD4-83A8-4407-A9B3-9A7D555C1B96}.Debug|x86.ActiveCfg = Debug|Win32
		{34C3FAD4-83A8-4407-A9B3-9A7D555C1B96}.Debug|x86.Build.0 = Debug|Win32
		{34C3FAD4-83A8-4407-A9B3-9A7D555C1B96}.Release|x64.ActiveCfg = Release|x64
		{34C3FAD4-83A8-4407-A9B3-9A7D555C1B96}.Release|x64.Build.0 = Release|x64
		{34C3FAD4-83A8-4407-A9B3-9A7D555C1B96}.Release|x86.ActiveCfg = Release|Win32
		{34C3FAD4-83A8-4407-A9B3-9A7D555C1B96}.Release|x86.Build.0 = Release|Win32
		{B930EDA4-7BAC-4658-AADC-6B830E778929}.Debug|x64.ActiveCfg = Debug|x64
		{B930EDA4-7BAC-4658-AADC-6B830E778929}.Debug|x64.Build.0 = Debug|x64
		{B930EDA4-7BAC-4658-AADC-6B830E778929}.Debug|x86.ActiveCfg = Debug|Win32
		{B930EDA4-7BAC-4658-AADC-6B830E778929}.Debug|x86.Build.0 = Debug|Win32
		{B930EDA4-7BAC-4658-AADC-6B830E778929}.Release|x64.ActiveCfg = Release|x64
		{B930EDA4-7BAC-4658-AADC-6B830E778929}.Release|x64.Build.0 = Release|x64
		{B930EDA4-7BAC-4658-AADC-6B830E778929}.Release|x86.ActiveCfg = Release|Win32
		{B930EDA4-7BAC-4658-AADC-6B830E778929}.Release|x86.Build.0 = Release|Win32
		{B2764173-74BD-4835-B458-82A6D7A263FB}.Debug|x64.ActiveCfg = Debug|x64
		{B2764173-74BD-4835-B458-82A6D7A263FB}.Debug|x64.Build.0 = Debug|x64
		{B2764173-74BD-4835-B458-82A6D7A263FB}.Debug|x86.ActiveCfg = Debug|Win32
		{B2764173-74BD-4835-B458-82A6D7A263FB}.Debug|x86.Build.0 = Debug|Win32
		{B2764173-74BD-4835-B458-82A6D7A263FB}.Release|x64.ActiveCfg = Release|x64
		{B2764173-74BD-4835-B458-82A6D7A263FB}.Release|x64.Build.0 = Release|x64
		{B2764173-74BD-4835-B458-82A6D7A263FB}.Release|x86.ActiveCfg = Release|Win32
		{B2764173-74BD-4835-B458-82A6D7A263FB}.Release|x86.Build.0 = Release|Win32
		{461C5BE0-ECB6-45B5-9877-98CF6284F9EB}.Debug|x64.ActiveCfg = Debug|x64
		{461C5BE0-ECB6-45B5-9877-98CF6284F9EB}.Debug|x64.Build.0 = Debug|x64
		{461C5BE0-ECB6-45B5-9877-98CF6284F9EB}.Debug|x86.ActiveCfg = Debug|Win32
		{461C5BE0-ECB6-45B5-9877-98CF6284F9EB}.Debug|x86.Build.0 = Debug|Win32
		{461C5BE0-ECB6-45B5-9877-98CF6284F9EB}.Release|x64.ActiveCfg = Release|x64
		{461C5BE0-ECB6-45B5-9877-98CF6284F9EB}.Release|x64.Build.0 = Release|x64
		{461C5BE0-ECB6-45B5-9877-98CF6284F9EB}.Release|x86.ActiveCfg = Release|Win32
		{461C5BE0-ECB6-45B5-9877-98CF6284F9EB}.Release|x86.Build.0 = Release|Win32
		{6B8F0CC3-EE0F-4BED-BA60-8D99819BE4FE}.Debug|x64.ActiveCfg = Debug|x64
		{6B8F0CC3-EE0F-4BED-BA60-8D99819BE4FE}.Debug|x64.Build.0 = Debug|x64
		{6B8F0CC3-EE0F-4BED-BA60-8D99819BE4FE}.Debug|x86.ActiveCfg = Debug|Win32
		{6B8F0CC3-EE0F-4BED-BA60-8D99819BE4FE}.Debug|x86.Build.0 = Debug|Win32
		{6B8F0CC3-EE0F-4BED-BA60-8D99819BE4FE}.Release|x64.ActiveCfg = Release|x64
		{6B8F0CC3-EE0F-4BED-BA60-8D99819BE4FE}.Release|x64.Build.0 = Release|x64
		{6B8F0CC3-EE0F-4BED-BA60-8D99819BE4FE}.Release|x86.ActiveCfg = Release|Win32
		{6B8F0CC3-EE0F-4BED-BA60-8D99819BE4FE}.Release|x86.Build.0 = Release|Win32
		{FDAE7AB8-0D2D-46A8-B406-63109A35D460}.Debug|x64.ActiveCfg = Debug|x64
		{FDAE7AB8-0D2D-46A8-B406-63109A35D460}.Debug|x64.Build.0 = Debug|x64
		{FDAE7AB8-0D2D-46A8-B406-63109A35D460}.Debug|x86.ActiveCfg = Debug|Win32
		{FDAE7AB8-0D2D-46A8-B406-63109A35D460}.Debug|x86.Build.0 = Debug|Win32
		{FDAE7AB8-0D2D-46A8-B406-63109A35D460}.Release|x64.ActiveCfg = Release|x64
		{FDAE7AB8-0D2D-46A8-B406-63109A35D460}.Release|x64.Build.0 = Release|x64
		{FDAE7AB8-0D2D-46A8-B406-63109A35D460}.Release|x86.ActiveCfg = Release|Win32
		{FDAE7AB8-0D2D-46A8-B406-63109A35D460}.Release|x86.Build.0 = Release|Win32
		{FF78FB28-F572-4978-A894-28657AB125F4}.Debug|x64.ActiveCfg = Debug|x64
		{FF78FB28-F572-4978-A894-28657AB125F4}.Debug|x64.Build.0 = Debug|x64
		{FF78FB28-F572-4978-A894-28657AB125F4}.Debug|x86.ActiveCfg = Debug|Win32
		{FF78FB28-F572-4978-A894-28657AB125F4}.Debug|x86.Build.0 = Debug|Win32
		{FF78FB28-F572-4978-A894-28657AB125F4}.Release|x64.ActiveCfg = Release|x64
		{FF78FB28-F572-4978-A894-28657AB125F4}.Release|x64.Build.0 = Release|x64
		{FF78FB28-F572-4978-A894-28657AB125F4}.Release|x86.ActiveCfg = Release|Win32
		{FF78FB28-F572-4978-A894-28657AB125F4}.Release|x86.Build.0 = Release|Win32
		{7A4D3BF0-3963-4203-824F-7477E0094935}.Debug|x64.ActiveCfg = Debug|x64
		{7A4D3BF0-3963-4203-824F-7477E0094935}.Debug|x64.Build.0 = Debug|x64
		{7A4D3BF0-3963-4203-824F-7477E0094935}.Debug|x86.ActiveCfg = Debug|Win32
		{7A4D3BF0-3963-4203-824F-7477E0094935}.Debug|x86.Build.0 = Debug|Win32
		{7A4D3BF0-3963-4203-824F-7477E0094935}.Release|x64.ActiveCfg = Release|x64
		{7A4D3BF0-3963-4203-824F-7477E0094935}.Release|x64.Build.0 = Release|x64
		{7A4D3BF0-3963-4203-824F-7477E0094935}.Release|x86.ActiveCfg = Release|Win32
		{7A4D3BF0-3963-4203-824F-7477E0094935}.Release|x86.Build.0 = Release|Win32
	EndGlobalSection
	GlobalSection(SolutionProperties) = preSolution
		HideSolutionNode = FALSE
	EndGlobalSection
EndGlobal
